# Automatically assigned MessageIDs. Commit this file with proto schemas. Never reuse an ID.
1	verdandi.peer.v1.Hello
2	verdandi.peer.v1.Ping
3	verdandi.peer.v1.Pong
4	verdandi.peer.v1.ProtocolError
5	verdandi.peer.v1.DiscoverRequest
6	verdandi.peer.v1.DiscoverResponse
7	verdandi.peer.v1.RegistrationChallenge
8	verdandi.peer.v1.RegistrationRequest
9	verdandi.peer.v1.RegistrationResponse
10	verdandi.peer.v1.PlanetRegistrationResponse
11	verdandi.peer.v1.SessionPacket
12	verdandi.peer.v1.LoginRequest
13	proto.astra.v1.Hello
14	astra.cluster.v1.LoginRequest
15	proto.astra.v1.Ping
16	astra.cluster.v1.PlanetRegistrationResponse
17	proto.astra.v1.Pong
18	proto.astra.v1.ProtocolError
19	astra.cluster.v1.RegistrationChallenge
20	proto.orbit.v1.RegistrationRequest
21	proto.orbit.v1.RegistrationResponse
22	proto.astra.v1.SessionPacket
23	proto.astra.v1.DeltaRecord
24	proto.astra.v1.SnapshotChunk
25	proto.astra.v1.SnapshotRequest
26	proto.astra.v1.SyncPacket
27	proto.astra.v1.SyncRequest
28	proto.astra.v1.SyncResponse
29	proto.orbit.v1.Member
