# Automatically assigned MessageIDs. Commit this file with proto schemas. Never reuse an ID.
1	verdandi.peer.v1.Hello
2	verdandi.peer.v1.Ping
3	verdandi.peer.v1.Pong
4	verdandi.peer.v1.ProtocolError
5	verdandi.peer.v1.DiscoverRequest
6	verdandi.peer.v1.DiscoverResponse
7	verdandi.peer.v1.RegistrationChallenge
8	verdandi.peer.v1.RegistrationRequest
9	verdandi.peer.v1.RegistrationResponse
10	verdandi.peer.v1.PlanetRegistrationResponse
11	verdandi.peer.v1.SessionPacket
12	verdandi.peer.v1.LoginRequest
13	proto.astra.v1.Hello
14	astra.cluster.v1.LoginRequest
15	proto.astra.v1.Ping
16	astra.cluster.v1.PlanetRegistrationResponse
17	proto.astra.v1.Pong
18	proto.astra.v1.ProtocolError
19	astra.cluster.v1.RegistrationChallenge
20	proto.orbit.v1.RegistrationRequest
21	proto.orbit.v1.RegistrationResponse
22	proto.astra.v1.SessionPacket
23	proto.astra.v1.DeltaRecord
24	proto.astra.v1.SnapshotChunk
25	proto.astra.v1.SnapshotRequest
26	proto.astra.v1.SyncPacket
27	proto.astra.v1.SyncRequest
28	proto.astra.v1.SyncResponse
29	proto.orbit.v1.Member
30	proto.astra.v1.CatalogChanges
31	proto.astra.v1.CatalogDelta
32	proto.astra.v1.CatalogEntry
33	proto.astra.v1.CatalogLease
34	proto.astra.v1.CatalogRecord
35	proto.astra.v1.CatalogSnapshot
36	proto.astra.v1.CatalogValue
37	proto.astra.v1.Empty
38	proto.astra.v1.EphemerisChanges
39	proto.astra.v1.EphemerisData
40	proto.astra.v1.EphemerisDelta
41	proto.astra.v1.EphemerisEntry
42	proto.astra.v1.EphemerisLease
43	proto.astra.v1.EphemerisRecord
44	proto.astra.v1.EphemerisSnapshot
45	proto.astra.v1.Position
46	proto.astra.v1.Repair
47	proto.astra.v1.Repaired
48	proto.astra.v1.Scope
49	proto.comet.v1.AlmanacChange
50	proto.comet.v1.AlmanacWatchReply
51	proto.comet.v1.CatalogChange
52	proto.comet.v1.CatalogRenewRequest
53	proto.comet.v1.CatalogWatchReply
54	proto.comet.v1.CreateReply
55	proto.comet.v1.CreateRequest
56	proto.comet.v1.Empty
57	proto.comet.v1.EphemerisChange
58	proto.comet.v1.EphemerisWatchReply
59	proto.comet.v1.Failure
60	proto.comet.v1.PublishReply
61	proto.comet.v1.PublishRequest
62	proto.comet.v1.RemoveRequest
63	proto.comet.v1.RenewReply
64	proto.comet.v1.RenewRequest
65	proto.comet.v1.Scope
66	proto.comet.v1.SessionReply
67	proto.comet.v1.SessionRequest
68	proto.comet.v1.UpdateReply
69	proto.comet.v1.UpdateRequest
70	proto.comet.v1.WatchRequest
71	proto.orbit.v1.Credential
72	proto.orbit.v1.DirectoryRequest
73	proto.orbit.v1.DirectoryResponse
