# Automatically assigned MessageIDs. Commit this file with cluster.proto. Never reuse an ID.
1	verdandi.peer.v1.Hello
2	verdandi.peer.v1.Ping
3	verdandi.peer.v1.Pong
4	verdandi.peer.v1.ProtocolError
5	verdandi.peer.v1.DiscoverRequest
6	verdandi.peer.v1.DiscoverResponse
7	verdandi.peer.v1.RegistrationChallenge
8	verdandi.peer.v1.RegistrationRequest
9	verdandi.peer.v1.RegistrationResponse
10	verdandi.peer.v1.PlanetRegistrationResponse
11	verdandi.peer.v1.SessionPacket
12	verdandi.peer.v1.LoginRequest
13	verdandi.cluster.v1.Hello
14	verdandi.cluster.v1.LoginRequest
15	verdandi.cluster.v1.Ping
16	verdandi.cluster.v1.PlanetRegistrationResponse
17	verdandi.cluster.v1.Pong
18	verdandi.cluster.v1.ProtocolError
19	verdandi.cluster.v1.RegistrationChallenge
20	verdandi.cluster.v1.RegistrationRequest
21	verdandi.cluster.v1.RegistrationResponse
22	verdandi.cluster.v1.SessionPacket
23	verdandi.cluster.v1.DeltaRecord
24	verdandi.cluster.v1.SnapshotChunk
25	verdandi.cluster.v1.SnapshotRequest
26	verdandi.cluster.v1.SyncPacket
27	verdandi.cluster.v1.SyncRequest
28	verdandi.cluster.v1.SyncResponse
